
Microsoft Visual Studio Solution File, Format Version 12.00
# Visual Studio Version 17
VisualStudioVersion = 17.7.34202.233
MinimumVisualStudioVersion = 10.0.40219.1
Project("{FAE04EC0-301F-11D3-BF4B-00C04F79EFBC}") = "ApiGuanaHospi", "ApiGuanaHospi.csproj", "{58106CDF-BD3E-497F-BAB3-7ECECC99DC55}"
EndProject
Project("{FAE04EC0-301F-11D3-BF4B-00C04F79EFBC}") = "DataAccess", "..\DataAccess\DataAccess.csproj", "{ADA8A80F-E3A9-4683-B75A-6F75AB6923EC}"
EndProject
Global
	GlobalSection(SolutionConfigurationPlatforms) = preSolution
		Debug|Any CPU = Debug|Any CPU
		Release|Any CPU = Release|Any CPU
	EndGlobalSection
	GlobalSection(ProjectConfigurationPlatforms) = postSolution
		{58106CDF-BD3E-497F-BAB3-7ECECC99DC55}.Debug|Any CPU.ActiveCfg = Debug|Any CPU
		{58106CDF-BD3E-497F-BAB3-7ECECC99DC55}.Debug|Any CPU.Build.0 = Debug|Any CPU
		{58106CDF-BD3E-497F-BAB3-7ECECC99DC55}.Release|Any CPU.ActiveCfg = Release|Any CPU
		{58106CDF-BD3E-497F-BAB3-7ECECC99DC55}.Release|Any CPU.Build.0 = Release|Any CPU
		{ADA8A80F-E3A9-4683-B75A-6F75AB6923EC}.Debug|Any CPU.ActiveCfg = Debug|Any CPU
		{ADA8A80F-E3A9-4683-B75A-6F75AB6923EC}.Debug|Any CPU.Build.0 = Debug|Any CPU
		{ADA8A80F-E3A9-4683-B75A-6F75AB6923EC}.Release|Any CPU.ActiveCfg = Release|Any CPU
		{ADA8A80F-E3A9-4683-B75A-6F75AB6923EC}.Release|Any CPU.Build.0 = Release|Any CPU
	EndGlobalSection
	GlobalSection(SolutionProperties) = preSolution
		HideSolutionNode = FALSE
	EndGlobalSection
	GlobalSection(ExtensibilityGlobals) = postSolution
		SolutionGuid = {A27F52C5-D370-47D6-9091-05086D7E6189}
	EndGlobalSection
EndGlobal
